
Microsoft Visual Studio Solution File, Format Version 12.00
# Visual Studio Version 17
VisualStudioVersion = 17.3.32811.315
MinimumVisualStudioVersion = 10.0.40219.1
Project("{FAE04EC0-301F-11D3-BF4B-00C04F79EFBC}") = "FindMaximumNumber", "FindMaximumNumber.csproj", "{FDB0D260-BECF-40EA-9439-7B54F8599D9A}"
EndProject
Project("{FAE04EC0-301F-11D3-BF4B-00C04F79EFBC}") = "FindMaximumNumberTest", "..\FindMaximumNumberTest\FindMaximumNumberTest.csproj", "{60F01E9B-9546-4CDA-9A32-364039A2B62D}"
EndProject
Global
	GlobalSection(SolutionConfigurationPlatforms) = preSolution
		Debug|Any CPU = Debug|Any CPU
		Release|Any CPU = Release|Any CPU
	EndGlobalSection
	GlobalSection(ProjectConfigurationPlatforms) = postSolution
		{FDB0D260-BECF-40EA-9439-7B54F8599D9A}.Debug|Any CPU.ActiveCfg = Debug|Any CPU
		{FDB0D260-BECF-40EA-9439-7B54F8599D9A}.Debug|Any CPU.Build.0 = Debug|Any CPU
		{FDB0D260-BECF-40EA-9439-7B54F8599D9A}.Release|Any CPU.ActiveCfg = Release|Any CPU
		{FDB0D260-BECF-40EA-9439-7B54F8599D9A}.Release|Any CPU.Build.0 = Release|Any CPU
		{60F01E9B-9546-4CDA-9A32-364039A2B62D}.Debug|Any CPU.ActiveCfg = Debug|Any CPU
		{60F01E9B-9546-4CDA-9A32-364039A2B62D}.Debug|Any CPU.Build.0 = Debug|Any CPU
		{60F01E9B-9546-4CDA-9A32-364039A2B62D}.Release|Any CPU.ActiveCfg = Release|Any CPU
		{60F01E9B-9546-4CDA-9A32-364039A2B62D}.Release|Any CPU.Build.0 = Release|Any CPU
	EndGlobalSection
	GlobalSection(SolutionProperties) = preSolution
		HideSolutionNode = FALSE
	EndGlobalSection
	GlobalSection(ExtensibilityGlobals) = postSolution
		SolutionGuid = {D105AC45-824A-46A5-AB0A-85DD10AE4559}
	EndGlobalSection
EndGlobal
