
Microsoft Visual Studio Solution File, Format Version 12.00
# Visual Studio Version 17
VisualStudioVersion = 17.3.32811.315
MinimumVisualStudioVersion = 10.0.40219.1
Project("{9A19103F-16F7-4668-BE54-9A1E7A4F7556}") = "FindMaximumNumber", "FindMaximumNumber.csproj", "{49E3E8EA-F6ED-4A15-A429-D6401E0B35F6}"
EndProject
Project("{FAE04EC0-301F-11D3-BF4B-00C04F79EFBC}") = "FindMaximumNumberTest", "..\FindMaximumNumberTest\FindMaximumNumberTest.csproj", "{9BB1305D-85C1-448D-8DE1-7E9CD2512DA8}"
EndProject
Global
	GlobalSection(SolutionConfigurationPlatforms) = preSolution
		Debug|Any CPU = Debug|Any CPU
		Release|Any CPU = Release|Any CPU
	EndGlobalSection
	GlobalSection(ProjectConfigurationPlatforms) = postSolution
		{49E3E8EA-F6ED-4A15-A429-D6401E0B35F6}.Debug|Any CPU.ActiveCfg = Debug|Any CPU
		{49E3E8EA-F6ED-4A15-A429-D6401E0B35F6}.Debug|Any CPU.Build.0 = Debug|Any CPU
		{49E3E8EA-F6ED-4A15-A429-D6401E0B35F6}.Release|Any CPU.ActiveCfg = Release|Any CPU
		{49E3E8EA-F6ED-4A15-A429-D6401E0B35F6}.Release|Any CPU.Build.0 = Release|Any CPU
		{9BB1305D-85C1-448D-8DE1-7E9CD2512DA8}.Debug|Any CPU.ActiveCfg = Debug|Any CPU
		{9BB1305D-85C1-448D-8DE1-7E9CD2512DA8}.Debug|Any CPU.Build.0 = Debug|Any CPU
		{9BB1305D-85C1-448D-8DE1-7E9CD2512DA8}.Release|Any CPU.ActiveCfg = Release|Any CPU
		{9BB1305D-85C1-448D-8DE1-7E9CD2512DA8}.Release|Any CPU.Build.0 = Release|Any CPU
	EndGlobalSection
	GlobalSection(SolutionProperties) = preSolution
		HideSolutionNode = FALSE
	EndGlobalSection
	GlobalSection(ExtensibilityGlobals) = postSolution
		SolutionGuid = {E3C36587-A66F-48AC-B11D-7697D4979F39}
	EndGlobalSection
EndGlobal
